
Microsoft Visual Studio Solution File, Format Version 12.00
# Visual Studio Version 16
VisualStudioVersion = 16.0.30907.101
MinimumVisualStudioVersion = 10.0.40219.1
Project("{888888A0-9F3D-457C-B088-3A5042F75D52}") = "pygame_basic", "pygame_basic\pygame_basic.pyproj", "{E12B686A-2DB4-429E-A89E-6BB67D7551BB}"
EndProject
Global
	GlobalSection(SolutionConfigurationPlatforms) = preSolution
		Debug|Any CPU = Debug|Any CPU
		Release|Any CPU = Release|Any CPU
	EndGlobalSection
	GlobalSection(ProjectConfigurationPlatforms) = postSolution
		{E12B686A-2DB4-429E-A89E-6BB67D7551BB}.Debug|Any CPU.ActiveCfg = Debug|Any CPU
		{E12B686A-2DB4-429E-A89E-6BB67D7551BB}.Release|Any CPU.ActiveCfg = Release|Any CPU
	EndGlobalSection
	GlobalSection(SolutionProperties) = preSolution
		HideSolutionNode = FALSE
	EndGlobalSection
	GlobalSection(ExtensibilityGlobals) = postSolution
		SolutionGuid = {96377D19-16A5-4536-95A4-E140C080390F}
	EndGlobalSection
EndGlobal
